
Microsoft Visual Studio Solution File, Format Version 12.00
# Visual Studio Version 17
VisualStudioVersion = 17.13.35919.96 d17.13
MinimumVisualStudioVersion = 10.0.40219.1
Project("{FAE04EC0-301F-11D3-BF4B-00C04F79EFBC}") = "WindowsFormsExample2", "WindowsFormsExample2\WindowsFormsExample2.csproj", "{696A7EA7-F322-4A8B-8A75-81D2F214EA0B}"
EndProject
Global
	GlobalSection(SolutionConfigurationPlatforms) = preSolution
		Debug|Any CPU = Debug|Any CPU
		Release|Any CPU = Release|Any CPU
	EndGlobalSection
	GlobalSection(ProjectConfigurationPlatforms) = postSolution
		{696A7EA7-F322-4A8B-8A75-81D2F214EA0B}.Debug|Any CPU.ActiveCfg = Debug|Any CPU
		{696A7EA7-F322-4A8B-8A75-81D2F214EA0B}.Debug|Any CPU.Build.0 = Debug|Any CPU
		{696A7EA7-F322-4A8B-8A75-81D2F214EA0B}.Release|Any CPU.ActiveCfg = Release|Any CPU
		{696A7EA7-F322-4A8B-8A75-81D2F214EA0B}.Release|Any CPU.Build.0 = Release|Any CPU
	EndGlobalSection
	GlobalSection(SolutionProperties) = preSolution
		HideSolutionNode = FALSE
	EndGlobalSection
	GlobalSection(ExtensibilityGlobals) = postSolution
		SolutionGuid = {43664B4C-35D6-4C52-895D-792A5AD4947A}
	EndGlobalSection
EndGlobal
